
Microsoft Visual Studio Solution File, Format Version 12.00
# Visual Studio Version 17
VisualStudioVersion = 17.4.33213.308
MinimumVisualStudioVersion = 10.0.40219.1
Project("{FAE04EC0-301F-11D3-BF4B-00C04F79EFBC}") = "ProductFilter", "ProductFilter\ProductFilter.csproj", "{3BCBE515-841D-4520-9D39-352B076793D8}"
EndProject
Global
	GlobalSection(SolutionConfigurationPlatforms) = preSolution
		Debug|Any CPU = Debug|Any CPU
		Release|Any CPU = Release|Any CPU
	EndGlobalSection
	GlobalSection(ProjectConfigurationPlatforms) = postSolution
		{3BCBE515-841D-4520-9D39-352B076793D8}.Debug|Any CPU.ActiveCfg = Debug|Any CPU
		{3BCBE515-841D-4520-9D39-352B076793D8}.Debug|Any CPU.Build.0 = Debug|Any CPU
		{3BCBE515-841D-4520-9D39-352B076793D8}.Release|Any CPU.ActiveCfg = Release|Any CPU
		{3BCBE515-841D-4520-9D39-352B076793D8}.Release|Any CPU.Build.0 = Release|Any CPU
	EndGlobalSection
	GlobalSection(SolutionProperties) = preSolution
		HideSolutionNode = FALSE
	EndGlobalSection
	GlobalSection(ExtensibilityGlobals) = postSolution
		SolutionGuid = {E723FA75-C89F-42E5-A270-FA948F7A94D9}
	EndGlobalSection
EndGlobal
